
Microsoft Visual Studio Solution File, Format Version 12.00
# Visual Studio 14
VisualStudioVersion = 14.0.23107.0
MinimumVisualStudioVersion = 10.0.40219.1
Project("{FAE04EC0-301F-11D3-BF4B-00C04F79EFBC}") = "PowerPlannerSending", "PowerPlannerSending\PowerPlannerSending.csproj", "{B6BD41B2-8886-4E5F-AEA4-4DB5242A2045}"
EndProject
Project("{FAE04EC0-301F-11D3-BF4B-00C04F79EFBC}") = "TestPowerPlannerSending", "TestPowerPlannerSending\TestPowerPlannerSending.csproj", "{46599840-FD3F-4151-8238-AE3D13BB69AD}"
EndProject
Project("{FAE04EC0-301F-11D3-BF4B-00C04F79EFBC}") = "ToolsPortable", "..\Portable - ToolsPortable\ToolsPortable\ToolsPortable.csproj", "{175ABC4A-4F7B-4CDB-AF1A-9CBF67A0601C}"
EndProject
Global
	GlobalSection(SolutionConfigurationPlatforms) = preSolution
		Debug|Any CPU = Debug|Any CPU
		Release|Any CPU = Release|Any CPU
	EndGlobalSection
	GlobalSection(ProjectConfigurationPlatforms) = postSolution
		{B6BD41B2-8886-4E5F-AEA4-4DB5242A2045}.Debug|Any CPU.ActiveCfg = Debug|Any CPU
		{B6BD41B2-8886-4E5F-AEA4-4DB5242A2045}.Debug|Any CPU.Build.0 = Debug|Any CPU
		{B6BD41B2-8886-4E5F-AEA4-4DB5242A2045}.Release|Any CPU.ActiveCfg = Release|Any CPU
		{B6BD41B2-8886-4E5F-AEA4-4DB5242A2045}.Release|Any CPU.Build.0 = Release|Any CPU
		{46599840-FD3F-4151-8238-AE3D13BB69AD}.Debug|Any CPU.ActiveCfg = Debug|Any CPU
		{46599840-FD3F-4151-8238-AE3D13BB69AD}.Debug|Any CPU.Build.0 = Debug|Any CPU
		{46599840-FD3F-4151-8238-AE3D13BB69AD}.Release|Any CPU.ActiveCfg = Release|Any CPU
		{46599840-FD3F-4151-8238-AE3D13BB69AD}.Release|Any CPU.Build.0 = Release|Any CPU
		{175ABC4A-4F7B-4CDB-AF1A-9CBF67A0601C}.Debug|Any CPU.ActiveCfg = Debug|Any CPU
		{175ABC4A-4F7B-4CDB-AF1A-9CBF67A0601C}.Debug|Any CPU.Build.0 = Debug|Any CPU
		{175ABC4A-4F7B-4CDB-AF1A-9CBF67A0601C}.Release|Any CPU.ActiveCfg = Release|Any CPU
		{175ABC4A-4F7B-4CDB-AF1A-9CBF67A0601C}.Release|Any CPU.Build.0 = Release|Any CPU
	EndGlobalSection
	GlobalSection(SolutionProperties) = preSolution
		HideSolutionNode = FALSE
	EndGlobalSection
EndGlobal
